{
  "name": "demo-app",
  "version": "1.2.0",
  "lockfileVersion": 3,
  "requires": true,
  "packages": {
    "": {
      "name": "demo-app",
      "version": "1.2.0",
      "dependencies": {
        "left-pad": "1.3.0"
      }
    },
    "node_modules/left-pad": {
      "version": "1.3.0",
      "resolved": "https://registry.npmjs.org/left-pad/-/left-pad-1.3.0.tgz",
      "integrity": "sha512-XI5MPzVNApjAyhQzphX8BkmKsKUxD4LdyK24iZeQGinBN9yTQT3bFlCBy/aVx2HrNcqQGsdot8ghrjyrvMCoEA==",
      "license": "WTFPL"
    },
    "node_modules/mystery-lib": {
      "version": "0.0.1",
      "resolved": "https://registry.npmjs.org/mystery-lib/-/mystery-lib-0.0.1.tgz",
      "integrity": "sha512-aaaaMPzVNApjAyhQzphX8BkmKsKUxD4LdyK24iZeQGinBN9yTQT3bFlCBy/aVx2HrNcqQGsdot8ghrjyrvMCoEA=="
    }
  }
}
