lockfileVersion: '9.0'

settings:
  autoInstallPeers: true
  excludeLinksFromLockfile: false

importers:

  .:
    dependencies:
      '@scope/widget':
        specifier: ^1.0.0
        version: 1.0.2
      left-pad:
        specifier: ^1.3.0
        version: 1.3.0

packages:

  '@scope/widget@1.0.2':
    resolution: {integrity: sha512-AAAAMPzVNApjAyhQzphX8BkmKsKUxD4LdyK24iZeQGinBN9yTQT3bFlCBy/aVx2HrNcqQGsdot8ghrjyrvMCoEA==}
    engines: {node: '>=10'}

  left-pad@1.3.0:
    resolution: {integrity: sha512-XI5MPzVNApjAyhQzphX8BkmKsKUxD4LdyK24iZeQGinBN9yTQT3bFlCBy/aVx2HrNcqQGsdot8ghrjyrvMCoEA==}

snapshots:

  '@scope/widget@1.0.2':
    dependencies:
      left-pad: 1.3.0

  left-pad@1.3.0: {}
